<?xml version="1.0" encoding="utf-8"?>
<Project ToolsVersion="4.0" xmlns="http://schemas.microsoft.com/developer/msbuild/2003">
  <ItemGroup>
    <Filter Include="Source Files">
      <UniqueIdentifier>{4FC737F1-C7A5-4376-A066-2A32D752A2FF}</UniqueIdentifier>
      <Extensions>cpp;c;cc;cxx;def;odl;idl;hpj;bat;asm;asmx</Extensions>
    </Filter>
    <Filter Include="Header Files">
      <UniqueIdentifier>{93995380-89BD-4b04-88EB-625FBE52EBFB}</UniqueIdentifier>
      <Extensions>h;hpp;hxx;hm;inl;inc;xsd</Extensions>
    </Filter>
    <Filter Include="Resource Files">
      <UniqueIdentifier>{67DA6AB6-F800-4c08-8B7A-83BB121AAD01}</UniqueIdentifier>
      <Extensions>rc;ico;cur;bmp;dlg;rc2;rct;bin;rgs;gif;jpg;jpeg;jpe;resx;tiff;tif;png;wav;mfcribbon-ms</Extensions>
    </Filter>
  </ItemGroup>
  <ItemGroup>
    <ClInclude Include="alarm.h">
      <Filter>Header Files</Filter>
    </ClInclude>
    <ClInclude Include="analoginput.h">
      <Filter>Header Files</Filter>
    </ClInclude>
    <ClInclude Include="console.h">
      <Filter>Header Files</Filter>
    </ClInclude>
    <ClInclude Include="continuoussumpprobe.h">
      <Filter>Header Files</Filter>
    </ClInclude>
    <ClInclude Include="digitalinput.h">
      <Filter>Header Files</Filter>
    </ClInclude>
    <ClInclude Include="digitaloutput.h">
      <Filter>Header Files</Filter>
    </ClInclude>
    <ClInclude Include="gasalarm.h">
      <Filter>Header Files</Filter>
    </ClInclude>
    <ClInclude Include="gassensor.h">
      <Filter>Header Files</Filter>
    </ClInclude>
    <ClInclude Include="levelprobe.h">
      <Filter>Header Files</Filter>
    </ClInclude>
    <ClInclude Include="levelsensor.h">
      <Filter>Header Files</Filter>
    </ClInclude>
    <ClInclude Include="mineplant.h">
      <Filter>Header Files</Filter>
    </ClInclude>
    <ClInclude Include="pumpengine.h">
      <Filter>Header Files</Filter>
    </ClInclude>
    <ClInclude Include="quantitytable.h">
      <Filter>Header Files</Filter>
    </ClInclude>
    <ClInclude Include="safeengine.h">
      <Filter>Header Files</Filter>
    </ClInclude>
    <ClInclude Include="sumpprobe.h">
      <Filter>Header Files</Filter>
    </ClInclude>
    <ClInclude Include="sumppump.h">
      <Filter>Header Files</Filter>
    </ClInclude>
    <ClInclude Include="tablebasedanaloginput.h">
      <Filter>Header Files</Filter>
    </ClInclude>
    <ClInclude Include="tablebaseddigitalinput.h">
      <Filter>Header Files</Filter>
    </ClInclude>
    <ClInclude Include="tablebaseddigitaloutput.h">
      <Filter>Header Files</Filter>
    </ClInclude>
    <ClInclude Include="thresholdgassensor.h">
      <Filter>Header Files</Filter>
    </ClInclude>
    <ClInclude Include="twolevelsumpprobe.h">
      <Filter>Header Files</Filter>
    </ClInclude>
  </ItemGroup>
  <ItemGroup>
    <ClCompile Include="alarm.cpp">
      <Filter>Source Files</Filter>
    </ClCompile>
    <ClCompile Include="console.cpp">
      <Filter>Source Files</Filter>
    </ClCompile>
    <ClCompile Include="continuoussumpprobe.cpp">
      <Filter>Source Files</Filter>
    </ClCompile>
    <ClCompile Include="gasalarm.cpp">
      <Filter>Source Files</Filter>
    </ClCompile>
    <ClCompile Include="levelsensor.cpp">
      <Filter>Source Files</Filter>
    </ClCompile>
    <ClCompile Include="main.cpp">
      <Filter>Source Files</Filter>
    </ClCompile>
    <ClCompile Include="mineplant.cpp">
      <Filter>Source Files</Filter>
    </ClCompile>
    <ClCompile Include="pumpengine.cpp">
      <Filter>Source Files</Filter>
    </ClCompile>
    <ClCompile Include="safeengine.cpp">
      <Filter>Source Files</Filter>
    </ClCompile>
    <ClCompile Include="sumppump.cpp">
      <Filter>Source Files</Filter>
    </ClCompile>
    <ClCompile Include="tablebasedanaloginput.cpp">
      <Filter>Source Files</Filter>
    </ClCompile>
    <ClCompile Include="tablebaseddigitalinput.cpp">
      <Filter>Source Files</Filter>
    </ClCompile>
    <ClCompile Include="tablebaseddigitaloutput.cpp">
      <Filter>Source Files</Filter>
    </ClCompile>
    <ClCompile Include="thresholdgassensor.cpp">
      <Filter>Source Files</Filter>
    </ClCompile>
    <ClCompile Include="twolevelsumpprobe.cpp">
      <Filter>Source Files</Filter>
    </ClCompile>
  </ItemGroup>
</Project>